
Microsoft Visual Studio Solution File, Format Version 12.00
# Visual Studio Version 17
VisualStudioVersion = 17.6.33829.357
MinimumVisualStudioVersion = 10.0.40219.1
Project("{FAE04EC0-301F-11D3-BF4B-00C04F79EFBC}") = "Unicornio LVL 4 BOSS", "ConsoleApp1\Unicornio LVL 4 BOSS.csproj", "{A1101D51-34A9-4083-A28E-7048E6942646}"
EndProject
Global
	GlobalSection(SolutionConfigurationPlatforms) = preSolution
		Debug|Any CPU = Debug|Any CPU
		Release|Any CPU = Release|Any CPU
	EndGlobalSection
	GlobalSection(ProjectConfigurationPlatforms) = postSolution
		{A1101D51-34A9-4083-A28E-7048E6942646}.Debug|Any CPU.ActiveCfg = Debug|Any CPU
		{A1101D51-34A9-4083-A28E-7048E6942646}.Debug|Any CPU.Build.0 = Debug|Any CPU
		{A1101D51-34A9-4083-A28E-7048E6942646}.Release|Any CPU.ActiveCfg = Release|Any CPU
		{A1101D51-34A9-4083-A28E-7048E6942646}.Release|Any CPU.Build.0 = Release|Any CPU
	EndGlobalSection
	GlobalSection(SolutionProperties) = preSolution
		HideSolutionNode = FALSE
	EndGlobalSection
	GlobalSection(ExtensibilityGlobals) = postSolution
		SolutionGuid = {95E8CF8B-A675-4681-BDDC-D4B64ECEF440}
	EndGlobalSection
EndGlobal
