
Microsoft Visual Studio Solution File, Format Version 12.00
# Visual Studio Version 17
VisualStudioVersion = 17.6.33829.357
MinimumVisualStudioVersion = 10.0.40219.1
Project("{FAE04EC0-301F-11D3-BF4B-00C04F79EFBC}") = "Cisne", "Cisne\Cisne.csproj", "{903717EF-9097-4A7B-B176-60C4D371DC0D}"
EndProject
Global
	GlobalSection(SolutionConfigurationPlatforms) = preSolution
		Debug|Any CPU = Debug|Any CPU
		Release|Any CPU = Release|Any CPU
	EndGlobalSection
	GlobalSection(ProjectConfigurationPlatforms) = postSolution
		{903717EF-9097-4A7B-B176-60C4D371DC0D}.Debug|Any CPU.ActiveCfg = Debug|Any CPU
		{903717EF-9097-4A7B-B176-60C4D371DC0D}.Debug|Any CPU.Build.0 = Debug|Any CPU
		{903717EF-9097-4A7B-B176-60C4D371DC0D}.Release|Any CPU.ActiveCfg = Release|Any CPU
		{903717EF-9097-4A7B-B176-60C4D371DC0D}.Release|Any CPU.Build.0 = Release|Any CPU
	EndGlobalSection
	GlobalSection(SolutionProperties) = preSolution
		HideSolutionNode = FALSE
	EndGlobalSection
	GlobalSection(ExtensibilityGlobals) = postSolution
		SolutionGuid = {4A45A3AA-BF61-4282-9041-5245D1181B92}
	EndGlobalSection
EndGlobal
